{
  "name": "owasp-nodejs-goat",
  "version": "1.3.0",
  "lockfileVersion": 1,
  "requires": true,
  "dependencies": {
    "ua-parser-js": {
      "version": "0.7.29",
      "resolved": "http://localhost:4873/ua-parser-js/-/ua-parser-js-0.7.29.tgz",
      "integrity": "sha512-EdEWUP3Dk9oyycRzMBbVHYW3GLbq5KPWHLKpXSNwD5F6u0s1x12mmP4KIzqSSzpngv8/8pE3f49/qGBG8VgqCg=="
    }
  }
}
